lockVersion: 2.0.0
id: bc56ad37-3129-4cd9-8e71-b2af4edc9833
management:
  docChecksum: db7bd8f69518c551928aef7eb16008e2
  docVersion: 0.0.1
  speakeasyVersion: internal
  generationVersion: 2.225.2
  releaseVersion: 0.52.0
  configChecksum: e1ee4500cc7fc94d4562e634607d35ed
  repoURL: https://github.com/speakeasy-sdks/tigris-java-sdk.git
  repoSubDirectory: .
  published: true
features:
  java:
    core: 3.2.0
    examples: 2.81.3
    globalSecurity: 2.81.2
    globalServerURLs: 2.82.1
    nameOverrides: 2.81.1
generatedFiles:
  - lib/src/main/java/com/tigrisdata/tigris_core/SDKConfiguration.java
  - lib/src/main/java/com/tigrisdata/tigris_core/Auth.java
  - lib/src/main/java/com/tigrisdata/tigris_core/System.java
  - lib/src/main/java/com/tigrisdata/tigris_core/Namespace.java
  - lib/src/main/java/com/tigrisdata/tigris_core/User.java
  - lib/src/main/java/com/tigrisdata/tigris_core/Project.java
  - lib/src/main/java/com/tigrisdata/tigris_core/AppKey.java
  - lib/src/main/java/com/tigrisdata/tigris_core/Cache.java
  - lib/src/main/java/com/tigrisdata/tigris_core/Database.java
  - lib/src/main/java/com/tigrisdata/tigris_core/Collection.java
  - lib/src/main/java/com/tigrisdata/tigris_core/Channel.java
  - lib/src/main/java/com/tigrisdata/tigris_core/Search.java
  - lib/src/main/java/com/tigrisdata/tigris_core/SDK.java
  - .gitattributes
  - gradle/wrapper/gradle-wrapper.jar
  - gradle/wrapper/gradle-wrapper.properties
  - gradlew
  - gradlew.bat
  - lib/build.gradle
  - lib/src/main/java/com/tigrisdata/tigris_core/utils/DateTimeDeserializer.java
  - lib/src/main/java/com/tigrisdata/tigris_core/utils/DateTimeSerializer.java
  - lib/src/main/java/com/tigrisdata/tigris_core/utils/FormMetadata.java
  - lib/src/main/java/com/tigrisdata/tigris_core/utils/HTTPClient.java
  - lib/src/main/java/com/tigrisdata/tigris_core/utils/HTTPRequest.java
  - lib/src/main/java/com/tigrisdata/tigris_core/utils/HeaderMetadata.java
  - lib/src/main/java/com/tigrisdata/tigris_core/utils/JSON.java
  - lib/src/main/java/com/tigrisdata/tigris_core/utils/Metadata.java
  - lib/src/main/java/com/tigrisdata/tigris_core/utils/MultipartFormMetadata.java
  - lib/src/main/java/com/tigrisdata/tigris_core/utils/PathParamsMetadata.java
  - lib/src/main/java/com/tigrisdata/tigris_core/utils/QueryParameters.java
  - lib/src/main/java/com/tigrisdata/tigris_core/utils/QueryParamsMetadata.java
  - lib/src/main/java/com/tigrisdata/tigris_core/utils/RequestBody.java
  - lib/src/main/java/com/tigrisdata/tigris_core/utils/RequestMetadata.java
  - lib/src/main/java/com/tigrisdata/tigris_core/utils/Security.java
  - lib/src/main/java/com/tigrisdata/tigris_core/utils/SecurityMetadata.java
  - lib/src/main/java/com/tigrisdata/tigris_core/utils/SerializedBody.java
  - lib/src/main/java/com/tigrisdata/tigris_core/utils/SpeakeasyHTTPClient.java
  - lib/src/main/java/com/tigrisdata/tigris_core/utils/SpeakeasyHTTPSecurityClient.java
  - lib/src/main/java/com/tigrisdata/tigris_core/utils/SpeakeasyMetadata.java
  - lib/src/main/java/com/tigrisdata/tigris_core/utils/Types.java
  - lib/src/main/java/com/tigrisdata/tigris_core/utils/Utils.java
  - settings.gradle
  - lib/src/main/java/com/tigrisdata/tigris_core/models/operations/AuthGetAccessTokenResponse.java
  - lib/src/main/java/com/tigrisdata/tigris_core/models/operations/HealthAPIHealthResponse.java
  - lib/src/main/java/com/tigrisdata/tigris_core/models/operations/ObservabilityGetInfoResponse.java
  - lib/src/main/java/com/tigrisdata/tigris_core/models/operations/ObservabilityQuotaUsageResponse.java
  - lib/src/main/java/com/tigrisdata/tigris_core/models/operations/ObservabilityQuotaLimitsResponse.java
  - lib/src/main/java/com/tigrisdata/tigris_core/models/operations/ObservabilityQueryTimeSeriesMetricsResponse.java
  - lib/src/main/java/com/tigrisdata/tigris_core/models/operations/CreateNamespaceResponse.java
  - lib/src/main/java/com/tigrisdata/tigris_core/models/operations/ManagementDescribeNamespacesResponse.java
  - lib/src/main/java/com/tigrisdata/tigris_core/models/operations/ManagementGetNamespaceMetadataRequest.java
  - lib/src/main/java/com/tigrisdata/tigris_core/models/operations/ManagementGetNamespaceMetadataResponse.java
  - lib/src/main/java/com/tigrisdata/tigris_core/models/operations/ManagementInsertNamespaceMetadataRequest.java
  - lib/src/main/java/com/tigrisdata/tigris_core/models/operations/ManagementInsertNamespaceMetadataResponse.java
  - lib/src/main/java/com/tigrisdata/tigris_core/models/operations/ManagementListNamespacesResponse.java
  - lib/src/main/java/com/tigrisdata/tigris_core/models/operations/ManagementUpdateNamespaceMetadataRequest.java
  - lib/src/main/java/com/tigrisdata/tigris_core/models/operations/ManagementUpdateNamespaceMetadataResponse.java
  - lib/src/main/java/com/tigrisdata/tigris_core/models/operations/ManagementGetUserMetadataRequest.java
  - lib/src/main/java/com/tigrisdata/tigris_core/models/operations/ManagementGetUserMetadataResponse.java
  - lib/src/main/java/com/tigrisdata/tigris_core/models/operations/ManagementInsertUserMetadataRequest.java
  - lib/src/main/java/com/tigrisdata/tigris_core/models/operations/ManagementInsertUserMetadataResponse.java
  - lib/src/main/java/com/tigrisdata/tigris_core/models/operations/ManagementUpdateUserMetadataRequest.java
  - lib/src/main/java/com/tigrisdata/tigris_core/models/operations/ManagementUpdateUserMetadataResponse.java
  - lib/src/main/java/com/tigrisdata/tigris_core/models/operations/TigrisCreateProjectRequest.java
  - lib/src/main/java/com/tigrisdata/tigris_core/models/operations/TigrisCreateProjectResponse.java
  - lib/src/main/java/com/tigrisdata/tigris_core/models/operations/TigrisDeleteProjectRequest.java
  - lib/src/main/java/com/tigrisdata/tigris_core/models/operations/TigrisDeleteProjectResponse.java
  - lib/src/main/java/com/tigrisdata/tigris_core/models/operations/TigrisListProjectsResponse.java
  - lib/src/main/java/com/tigrisdata/tigris_core/models/operations/TigrisDeleteAppKeyRequest.java
  - lib/src/main/java/com/tigrisdata/tigris_core/models/operations/TigrisDeleteAppKeyResponse.java
  - lib/src/main/java/com/tigrisdata/tigris_core/models/operations/TigrisListAppKeysRequest.java
  - lib/src/main/java/com/tigrisdata/tigris_core/models/operations/TigrisListAppKeysResponse.java
  - lib/src/main/java/com/tigrisdata/tigris_core/models/operations/TigrisRotateAppKeySecretRequest.java
  - lib/src/main/java/com/tigrisdata/tigris_core/models/operations/TigrisRotateAppKeySecretResponse.java
  - lib/src/main/java/com/tigrisdata/tigris_core/models/operations/TigrisCreateAppKeyRequest.java
  - lib/src/main/java/com/tigrisdata/tigris_core/models/operations/TigrisCreateAppKeyResponse.java
  - lib/src/main/java/com/tigrisdata/tigris_core/models/operations/TigrisUpdateAppKeyRequest.java
  - lib/src/main/java/com/tigrisdata/tigris_core/models/operations/TigrisUpdateAppKeyResponse.java
  - lib/src/main/java/com/tigrisdata/tigris_core/models/operations/CacheCreateCacheRequest.java
  - lib/src/main/java/com/tigrisdata/tigris_core/models/operations/CacheCreateCacheResponse.java
  - lib/src/main/java/com/tigrisdata/tigris_core/models/operations/CacheDeleteCacheRequest.java
  - lib/src/main/java/com/tigrisdata/tigris_core/models/operations/CacheDeleteCacheResponse.java
  - lib/src/main/java/com/tigrisdata/tigris_core/models/operations/CacheDelRequest.java
  - lib/src/main/java/com/tigrisdata/tigris_core/models/operations/CacheDelResponse.java
  - lib/src/main/java/com/tigrisdata/tigris_core/models/operations/CacheGetRequest.java
  - lib/src/main/java/com/tigrisdata/tigris_core/models/operations/CacheGetResponse.java
  - lib/src/main/java/com/tigrisdata/tigris_core/models/operations/CacheGetSetRequest.java
  - lib/src/main/java/com/tigrisdata/tigris_core/models/operations/CacheGetSetResponse.java
  - lib/src/main/java/com/tigrisdata/tigris_core/models/operations/CacheListCachesRequest.java
  - lib/src/main/java/com/tigrisdata/tigris_core/models/operations/CacheListCachesResponse.java
  - lib/src/main/java/com/tigrisdata/tigris_core/models/operations/CacheKeysRequest.java
  - lib/src/main/java/com/tigrisdata/tigris_core/models/operations/CacheKeysResponse.java
  - lib/src/main/java/com/tigrisdata/tigris_core/models/operations/CacheSetRequest.java
  - lib/src/main/java/com/tigrisdata/tigris_core/models/operations/CacheSetResponse.java
  - lib/src/main/java/com/tigrisdata/tigris_core/models/operations/TigrisBeginTransactionRequest.java
  - lib/src/main/java/com/tigrisdata/tigris_core/models/operations/TigrisBeginTransactionResponse.java
  - lib/src/main/java/com/tigrisdata/tigris_core/models/operations/TigrisCommitTransactionRequest.java
  - lib/src/main/java/com/tigrisdata/tigris_core/models/operations/TigrisCommitTransactionResponse.java
  - lib/src/main/java/com/tigrisdata/tigris_core/models/operations/TigrisCreateBranchRequest.java
  - lib/src/main/java/com/tigrisdata/tigris_core/models/operations/TigrisCreateBranchResponse.java
  - lib/src/main/java/com/tigrisdata/tigris_core/models/operations/TigrisDeleteBranchRequest.java
  - lib/src/main/java/com/tigrisdata/tigris_core/models/operations/TigrisDeleteBranchResponse.java
  - lib/src/main/java/com/tigrisdata/tigris_core/models/operations/TigrisDescribeDatabaseRequest.java
  - lib/src/main/java/com/tigrisdata/tigris_core/models/operations/TigrisDescribeDatabaseResponse.java
  - lib/src/main/java/com/tigrisdata/tigris_core/models/operations/TigrisListCollectionsRequest.java
  - lib/src/main/java/com/tigrisdata/tigris_core/models/operations/TigrisListCollectionsResponse.java
  - lib/src/main/java/com/tigrisdata/tigris_core/models/operations/TigrisRollbackTransactionRequest.java
  - lib/src/main/java/com/tigrisdata/tigris_core/models/operations/TigrisRollbackTransactionResponse.java
  - lib/src/main/java/com/tigrisdata/tigris_core/models/operations/TigrisListBranchesRequest.java
  - lib/src/main/java/com/tigrisdata/tigris_core/models/operations/TigrisListBranchesResponse.java
  - lib/src/main/java/com/tigrisdata/tigris_core/models/operations/TigrisCreateOrUpdateCollectionRequest.java
  - lib/src/main/java/com/tigrisdata/tigris_core/models/operations/TigrisCreateOrUpdateCollectionResponse.java
  - lib/src/main/java/com/tigrisdata/tigris_core/models/operations/TigrisDeleteRequest.java
  - lib/src/main/java/com/tigrisdata/tigris_core/models/operations/TigrisDeleteResponse.java
  - lib/src/main/java/com/tigrisdata/tigris_core/models/operations/TigrisDescribeCollectionRequest.java
  - lib/src/main/java/com/tigrisdata/tigris_core/models/operations/TigrisDescribeCollectionResponse.java
  - lib/src/main/java/com/tigrisdata/tigris_core/models/operations/TigrisDropCollectionRequest.java
  - lib/src/main/java/com/tigrisdata/tigris_core/models/operations/TigrisDropCollectionResponse.java
  - lib/src/main/java/com/tigrisdata/tigris_core/models/operations/TigrisImportRequest.java
  - lib/src/main/java/com/tigrisdata/tigris_core/models/operations/TigrisImportResponse.java
  - lib/src/main/java/com/tigrisdata/tigris_core/models/operations/TigrisInsertRequest.java
  - lib/src/main/java/com/tigrisdata/tigris_core/models/operations/TigrisInsertResponse.java
  - lib/src/main/java/com/tigrisdata/tigris_core/models/operations/TigrisReadRequest.java
  - lib/src/main/java/com/tigrisdata/tigris_core/models/operations/TigrisReadResponse.java
  - lib/src/main/java/com/tigrisdata/tigris_core/models/operations/TigrisReplaceRequest.java
  - lib/src/main/java/com/tigrisdata/tigris_core/models/operations/TigrisReplaceResponse.java
  - lib/src/main/java/com/tigrisdata/tigris_core/models/operations/TigrisSearchRequest.java
  - lib/src/main/java/com/tigrisdata/tigris_core/models/operations/TigrisSearchResponse.java
  - lib/src/main/java/com/tigrisdata/tigris_core/models/operations/TigrisUpdateRequest.java
  - lib/src/main/java/com/tigrisdata/tigris_core/models/operations/TigrisUpdateResponse.java
  - lib/src/main/java/com/tigrisdata/tigris_core/models/operations/RealtimeGetRTChannelRequest.java
  - lib/src/main/java/com/tigrisdata/tigris_core/models/operations/RealtimeGetRTChannelResponse.java
  - lib/src/main/java/com/tigrisdata/tigris_core/models/operations/RealtimeReadMessagesRequest.java
  - lib/src/main/java/com/tigrisdata/tigris_core/models/operations/RealtimeReadMessagesResponse.java
  - lib/src/main/java/com/tigrisdata/tigris_core/models/operations/RealtimeGetRTChannelsRequest.java
  - lib/src/main/java/com/tigrisdata/tigris_core/models/operations/RealtimeGetRTChannelsResponse.java
  - lib/src/main/java/com/tigrisdata/tigris_core/models/operations/RealtimeListSubscriptionsRequest.java
  - lib/src/main/java/com/tigrisdata/tigris_core/models/operations/RealtimeListSubscriptionsResponse.java
  - lib/src/main/java/com/tigrisdata/tigris_core/models/operations/RealtimeMessagesRequest.java
  - lib/src/main/java/com/tigrisdata/tigris_core/models/operations/RealtimeMessagesResponse.java
  - lib/src/main/java/com/tigrisdata/tigris_core/models/operations/RealtimePresenceRequest.java
  - lib/src/main/java/com/tigrisdata/tigris_core/models/operations/RealtimePresenceResponse.java
  - lib/src/main/java/com/tigrisdata/tigris_core/models/operations/SearchCreateByIdRequest.java
  - lib/src/main/java/com/tigrisdata/tigris_core/models/operations/SearchCreateByIdResponse.java
  - lib/src/main/java/com/tigrisdata/tigris_core/models/operations/SearchCreateRequest.java
  - lib/src/main/java/com/tigrisdata/tigris_core/models/operations/SearchCreateResponse.java
  - lib/src/main/java/com/tigrisdata/tigris_core/models/operations/SearchDeleteRequest.java
  - lib/src/main/java/com/tigrisdata/tigris_core/models/operations/SearchDeleteResponse.java
  - lib/src/main/java/com/tigrisdata/tigris_core/models/operations/SearchDeleteIndexRequest.java
  - lib/src/main/java/com/tigrisdata/tigris_core/models/operations/SearchDeleteIndexResponse.java
  - lib/src/main/java/com/tigrisdata/tigris_core/models/operations/SearchSearchRequest.java
  - lib/src/main/java/com/tigrisdata/tigris_core/models/operations/SearchSearchResponse.java
  - lib/src/main/java/com/tigrisdata/tigris_core/models/operations/SearchGetRequest.java
  - lib/src/main/java/com/tigrisdata/tigris_core/models/operations/SearchGetResponse.java
  - lib/src/main/java/com/tigrisdata/tigris_core/models/operations/SearchGetIndexRequest.java
  - lib/src/main/java/com/tigrisdata/tigris_core/models/operations/SearchGetIndexResponse.java
  - lib/src/main/java/com/tigrisdata/tigris_core/models/operations/SearchListIndexesRequest.java
  - lib/src/main/java/com/tigrisdata/tigris_core/models/operations/SearchListIndexesResponse.java
  - lib/src/main/java/com/tigrisdata/tigris_core/models/operations/SearchDeleteByQueryRequest.java
  - lib/src/main/java/com/tigrisdata/tigris_core/models/operations/SearchDeleteByQueryResponse.java
  - lib/src/main/java/com/tigrisdata/tigris_core/models/operations/SearchCreateOrReplaceRequest.java
  - lib/src/main/java/com/tigrisdata/tigris_core/models/operations/SearchCreateOrReplaceResponse.java
  - lib/src/main/java/com/tigrisdata/tigris_core/models/operations/SearchUpdateRequest.java
  - lib/src/main/java/com/tigrisdata/tigris_core/models/operations/SearchUpdateResponse.java
  - lib/src/main/java/com/tigrisdata/tigris_core/models/operations/SearchCreateOrUpdateIndexRequest.java
  - lib/src/main/java/com/tigrisdata/tigris_core/models/operations/SearchCreateOrUpdateIndexResponse.java
  - lib/src/main/java/com/tigrisdata/tigris_core/models/shared/Status.java
  - lib/src/main/java/com/tigrisdata/tigris_core/models/shared/Code.java
  - lib/src/main/java/com/tigrisdata/tigris_core/models/shared/Error.java
  - lib/src/main/java/com/tigrisdata/tigris_core/models/shared/GetAccessTokenResponse.java
  - lib/src/main/java/com/tigrisdata/tigris_core/models/shared/HealthCheckResponse.java
  - lib/src/main/java/com/tigrisdata/tigris_core/models/shared/GetInfoResponse.java
  - lib/src/main/java/com/tigrisdata/tigris_core/models/shared/QuotaUsageResponse.java
  - lib/src/main/java/com/tigrisdata/tigris_core/models/shared/QuotaUsageRequest.java
  - lib/src/main/java/com/tigrisdata/tigris_core/models/shared/QuotaLimitsResponse.java
  - lib/src/main/java/com/tigrisdata/tigris_core/models/shared/QuotaLimitsRequest.java
  - lib/src/main/java/com/tigrisdata/tigris_core/models/shared/QueryTimeSeriesMetricsResponse.java
  - lib/src/main/java/com/tigrisdata/tigris_core/models/shared/MetricSeries.java
  - lib/src/main/java/com/tigrisdata/tigris_core/models/shared/DataPoint.java
  - lib/src/main/java/com/tigrisdata/tigris_core/models/shared/Function.java
  - lib/src/main/java/com/tigrisdata/tigris_core/models/shared/SpaceAggregation.java
  - lib/src/main/java/com/tigrisdata/tigris_core/models/shared/TigrisOperation.java
  - lib/src/main/java/com/tigrisdata/tigris_core/models/shared/QueryTimeSeriesMetricsRequest.java
  - lib/src/main/java/com/tigrisdata/tigris_core/models/shared/AdditionalFunction.java
  - lib/src/main/java/com/tigrisdata/tigris_core/models/shared/Aggregator.java
  - lib/src/main/java/com/tigrisdata/tigris_core/models/shared/RollupFunction.java
  - lib/src/main/java/com/tigrisdata/tigris_core/models/shared/CreateNamespaceResponse.java
  - lib/src/main/java/com/tigrisdata/tigris_core/models/shared/NamespaceInfo.java
  - lib/src/main/java/com/tigrisdata/tigris_core/models/shared/CreateNamespaceRequest.java
  - lib/src/main/java/com/tigrisdata/tigris_core/models/shared/DescribeNamespacesResponse.java
  - lib/src/main/java/com/tigrisdata/tigris_core/models/shared/DescribeNamespacesData.java
  - lib/src/main/java/com/tigrisdata/tigris_core/models/shared/GetNamespaceMetadataResponseValue.java
  - lib/src/main/java/com/tigrisdata/tigris_core/models/shared/GetNamespaceMetadataResponse.java
  - lib/src/main/java/com/tigrisdata/tigris_core/models/shared/Value.java
  - lib/src/main/java/com/tigrisdata/tigris_core/models/shared/GetNamespaceMetadataRequest.java
  - lib/src/main/java/com/tigrisdata/tigris_core/models/shared/InsertNamespaceMetadataResponseValue.java
  - lib/src/main/java/com/tigrisdata/tigris_core/models/shared/InsertNamespaceMetadataResponse.java
  - lib/src/main/java/com/tigrisdata/tigris_core/models/shared/InsertNamespaceMetadataRequestValue.java
  - lib/src/main/java/com/tigrisdata/tigris_core/models/shared/InsertNamespaceMetadataRequest.java
  - lib/src/main/java/com/tigrisdata/tigris_core/models/shared/ListNamespacesResponse.java
  - lib/src/main/java/com/tigrisdata/tigris_core/models/shared/UpdateNamespaceMetadataResponseValue.java
  - lib/src/main/java/com/tigrisdata/tigris_core/models/shared/UpdateNamespaceMetadataResponse.java
  - lib/src/main/java/com/tigrisdata/tigris_core/models/shared/UpdateNamespaceMetadataRequestValue.java
  - lib/src/main/java/com/tigrisdata/tigris_core/models/shared/UpdateNamespaceMetadataRequest.java
  - lib/src/main/java/com/tigrisdata/tigris_core/models/shared/GetUserMetadataResponse.java
  - lib/src/main/java/com/tigrisdata/tigris_core/models/shared/GetUserMetadataRequestValue.java
  - lib/src/main/java/com/tigrisdata/tigris_core/models/shared/GetUserMetadataRequest.java
  - lib/src/main/java/com/tigrisdata/tigris_core/models/shared/InsertUserMetadataResponseValue.java
  - lib/src/main/java/com/tigrisdata/tigris_core/models/shared/InsertUserMetadataResponse.java
  - lib/src/main/java/com/tigrisdata/tigris_core/models/shared/InsertUserMetadataRequestValue.java
  - lib/src/main/java/com/tigrisdata/tigris_core/models/shared/InsertUserMetadataRequest.java
  - lib/src/main/java/com/tigrisdata/tigris_core/models/shared/UpdateUserMetadataResponseValue.java
  - lib/src/main/java/com/tigrisdata/tigris_core/models/shared/UpdateUserMetadataResponse.java
  - lib/src/main/java/com/tigrisdata/tigris_core/models/shared/UpdateUserMetadataRequestValue.java
  - lib/src/main/java/com/tigrisdata/tigris_core/models/shared/UpdateUserMetadataRequest.java
  - lib/src/main/java/com/tigrisdata/tigris_core/models/shared/CreateProjectResponse.java
  - lib/src/main/java/com/tigrisdata/tigris_core/models/shared/CreateProjectRequest.java
  - lib/src/main/java/com/tigrisdata/tigris_core/models/shared/DeleteProjectResponse.java
  - lib/src/main/java/com/tigrisdata/tigris_core/models/shared/DeleteProjectRequest.java
  - lib/src/main/java/com/tigrisdata/tigris_core/models/shared/ListProjectsResponse.java
  - lib/src/main/java/com/tigrisdata/tigris_core/models/shared/ProjectInfo.java
  - lib/src/main/java/com/tigrisdata/tigris_core/models/shared/ProjectMetadata.java
  - lib/src/main/java/com/tigrisdata/tigris_core/models/shared/DeleteAppKeyResponse.java
  - lib/src/main/java/com/tigrisdata/tigris_core/models/shared/DeleteAppKeyRequest.java
  - lib/src/main/java/com/tigrisdata/tigris_core/models/shared/ListAppKeysResponse.java
  - lib/src/main/java/com/tigrisdata/tigris_core/models/shared/AppKey.java
  - lib/src/main/java/com/tigrisdata/tigris_core/models/shared/RotateAppKeyResponse.java
  - lib/src/main/java/com/tigrisdata/tigris_core/models/shared/RotateAppKeyRequest.java
  - lib/src/main/java/com/tigrisdata/tigris_core/models/shared/CreateAppKeyResponse.java
  - lib/src/main/java/com/tigrisdata/tigris_core/models/shared/CreateAppKeyRequest.java
  - lib/src/main/java/com/tigrisdata/tigris_core/models/shared/UpdateAppKeyResponse.java
  - lib/src/main/java/com/tigrisdata/tigris_core/models/shared/UpdateAppKeyRequest.java
  - lib/src/main/java/com/tigrisdata/tigris_core/models/shared/CreateCacheResponse.java
  - lib/src/main/java/com/tigrisdata/tigris_core/models/shared/CreateCacheRequest.java
  - lib/src/main/java/com/tigrisdata/tigris_core/models/shared/CreateCacheOptions.java
  - lib/src/main/java/com/tigrisdata/tigris_core/models/shared/DeleteCacheResponse.java
  - lib/src/main/java/com/tigrisdata/tigris_core/models/shared/DeleteCacheRequest.java
  - lib/src/main/java/com/tigrisdata/tigris_core/models/shared/DelResponse.java
  - lib/src/main/java/com/tigrisdata/tigris_core/models/shared/DelRequest.java
  - lib/src/main/java/com/tigrisdata/tigris_core/models/shared/GetResponse.java
  - lib/src/main/java/com/tigrisdata/tigris_core/models/shared/GetSetResponse.java
  - lib/src/main/java/com/tigrisdata/tigris_core/models/shared/GetSetRequest.java
  - lib/src/main/java/com/tigrisdata/tigris_core/models/shared/ListCachesResponse.java
  - lib/src/main/java/com/tigrisdata/tigris_core/models/shared/CacheMetadata.java
  - lib/src/main/java/com/tigrisdata/tigris_core/models/shared/KeysResponse.java
  - lib/src/main/java/com/tigrisdata/tigris_core/models/shared/SetResponse.java
  - lib/src/main/java/com/tigrisdata/tigris_core/models/shared/SetRequest.java
  - lib/src/main/java/com/tigrisdata/tigris_core/models/shared/BeginTransactionResponse.java
  - lib/src/main/java/com/tigrisdata/tigris_core/models/shared/TransactionCtx.java
  - lib/src/main/java/com/tigrisdata/tigris_core/models/shared/BeginTransactionRequest.java
  - lib/src/main/java/com/tigrisdata/tigris_core/models/shared/TransactionOptions.java
  - lib/src/main/java/com/tigrisdata/tigris_core/models/shared/CommitTransactionResponse.java
  - lib/src/main/java/com/tigrisdata/tigris_core/models/shared/CommitTransactionRequest.java
  - lib/src/main/java/com/tigrisdata/tigris_core/models/shared/CreateBranchResponse.java
  - lib/src/main/java/com/tigrisdata/tigris_core/models/shared/CreateBranchRequest.java
  - lib/src/main/java/com/tigrisdata/tigris_core/models/shared/DeleteBranchResponse.java
  - lib/src/main/java/com/tigrisdata/tigris_core/models/shared/DeleteBranchRequest.java
  - lib/src/main/java/com/tigrisdata/tigris_core/models/shared/DescribeDatabaseResponse.java
  - lib/src/main/java/com/tigrisdata/tigris_core/models/shared/DatabaseMetadata.java
  - lib/src/main/java/com/tigrisdata/tigris_core/models/shared/Schema.java
  - lib/src/main/java/com/tigrisdata/tigris_core/models/shared/CollectionDescription.java
  - lib/src/main/java/com/tigrisdata/tigris_core/models/shared/CollectionMetadata.java
  - lib/src/main/java/com/tigrisdata/tigris_core/models/shared/DescribeDatabaseRequest.java
  - lib/src/main/java/com/tigrisdata/tigris_core/models/shared/ListCollectionsResponse.java
  - lib/src/main/java/com/tigrisdata/tigris_core/models/shared/CollectionInfo.java
  - lib/src/main/java/com/tigrisdata/tigris_core/models/shared/RollbackTransactionResponse.java
  - lib/src/main/java/com/tigrisdata/tigris_core/models/shared/RollbackTransactionRequest.java
  - lib/src/main/java/com/tigrisdata/tigris_core/models/shared/ListBranchesResponse.java
  - lib/src/main/java/com/tigrisdata/tigris_core/models/shared/BranchInfo.java
  - lib/src/main/java/com/tigrisdata/tigris_core/models/shared/BranchMetadata.java
  - lib/src/main/java/com/tigrisdata/tigris_core/models/shared/CreateOrUpdateCollectionResponse.java
  - lib/src/main/java/com/tigrisdata/tigris_core/models/shared/CreateOrUpdateCollectionRequestSchema.java
  - lib/src/main/java/com/tigrisdata/tigris_core/models/shared/CreateOrUpdateCollectionRequest.java
  - lib/src/main/java/com/tigrisdata/tigris_core/models/shared/CollectionOptions.java
  - lib/src/main/java/com/tigrisdata/tigris_core/models/shared/DeleteResponse.java
  - lib/src/main/java/com/tigrisdata/tigris_core/models/shared/ResponseMetadata.java
  - lib/src/main/java/com/tigrisdata/tigris_core/models/shared/Filter.java
  - lib/src/main/java/com/tigrisdata/tigris_core/models/shared/DeleteRequest.java
  - lib/src/main/java/com/tigrisdata/tigris_core/models/shared/DeleteRequestOptions.java
  - lib/src/main/java/com/tigrisdata/tigris_core/models/shared/WriteOptions.java
  - lib/src/main/java/com/tigrisdata/tigris_core/models/shared/Collation.java
  - lib/src/main/java/com/tigrisdata/tigris_core/models/shared/DescribeCollectionResponseSchema.java
  - lib/src/main/java/com/tigrisdata/tigris_core/models/shared/DescribeCollectionResponse.java
  - lib/src/main/java/com/tigrisdata/tigris_core/models/shared/DescribeCollectionRequest.java
  - lib/src/main/java/com/tigrisdata/tigris_core/models/shared/DropCollectionResponse.java
  - lib/src/main/java/com/tigrisdata/tigris_core/models/shared/DropCollectionRequest.java
  - lib/src/main/java/com/tigrisdata/tigris_core/models/shared/ImportResponse.java
  - lib/src/main/java/com/tigrisdata/tigris_core/models/shared/Documents.java
  - lib/src/main/java/com/tigrisdata/tigris_core/models/shared/ImportRequest.java
  - lib/src/main/java/com/tigrisdata/tigris_core/models/shared/ImportRequestOptions.java
  - lib/src/main/java/com/tigrisdata/tigris_core/models/shared/InsertResponse.java
  - lib/src/main/java/com/tigrisdata/tigris_core/models/shared/InsertRequestDocuments.java
  - lib/src/main/java/com/tigrisdata/tigris_core/models/shared/InsertRequest.java
  - lib/src/main/java/com/tigrisdata/tigris_core/models/shared/InsertRequestOptions.java
  - lib/src/main/java/com/tigrisdata/tigris_core/models/shared/StreamingReadResponse.java
  - lib/src/main/java/com/tigrisdata/tigris_core/models/shared/Data.java
  - lib/src/main/java/com/tigrisdata/tigris_core/models/shared/ReadResponse.java
  - lib/src/main/java/com/tigrisdata/tigris_core/models/shared/Fields.java
  - lib/src/main/java/com/tigrisdata/tigris_core/models/shared/ReadRequestFilter.java
  - lib/src/main/java/com/tigrisdata/tigris_core/models/shared/ReadRequest.java
  - lib/src/main/java/com/tigrisdata/tigris_core/models/shared/ReadRequestOptions.java
  - lib/src/main/java/com/tigrisdata/tigris_core/models/shared/ReplaceResponse.java
  - lib/src/main/java/com/tigrisdata/tigris_core/models/shared/ReplaceRequestDocuments.java
  - lib/src/main/java/com/tigrisdata/tigris_core/models/shared/ReplaceRequest.java
  - lib/src/main/java/com/tigrisdata/tigris_core/models/shared/ReplaceRequestOptions.java
  - lib/src/main/java/com/tigrisdata/tigris_core/models/shared/StreamingSearchResponse.java
  - lib/src/main/java/com/tigrisdata/tigris_core/models/shared/SearchResponse.java
  - lib/src/main/java/com/tigrisdata/tigris_core/models/shared/SearchMetadata.java
  - lib/src/main/java/com/tigrisdata/tigris_core/models/shared/Page.java
  - lib/src/main/java/com/tigrisdata/tigris_core/models/shared/SearchHitData.java
  - lib/src/main/java/com/tigrisdata/tigris_core/models/shared/SearchHit.java
  - lib/src/main/java/com/tigrisdata/tigris_core/models/shared/SearchHitMeta.java
  - lib/src/main/java/com/tigrisdata/tigris_core/models/shared/SearchFacet.java
  - lib/src/main/java/com/tigrisdata/tigris_core/models/shared/FacetStats.java
  - lib/src/main/java/com/tigrisdata/tigris_core/models/shared/FacetCount.java
  - lib/src/main/java/com/tigrisdata/tigris_core/models/shared/Facet.java
  - lib/src/main/java/com/tigrisdata/tigris_core/models/shared/SearchRequestFields.java
  - lib/src/main/java/com/tigrisdata/tigris_core/models/shared/SearchRequestFilter.java
  - lib/src/main/java/com/tigrisdata/tigris_core/models/shared/Sort.java
  - lib/src/main/java/com/tigrisdata/tigris_core/models/shared/SearchRequest.java
  - lib/src/main/java/com/tigrisdata/tigris_core/models/shared/UpdateResponse.java
  - lib/src/main/java/com/tigrisdata/tigris_core/models/shared/UpdateRequestFields.java
  - lib/src/main/java/com/tigrisdata/tigris_core/models/shared/UpdateRequestFilter.java
  - lib/src/main/java/com/tigrisdata/tigris_core/models/shared/UpdateRequest.java
  - lib/src/main/java/com/tigrisdata/tigris_core/models/shared/UpdateRequestOptions.java
  - lib/src/main/java/com/tigrisdata/tigris_core/models/shared/GetRTChannelResponse.java
  - lib/src/main/java/com/tigrisdata/tigris_core/models/shared/ReadMessagesResponse.java
  - lib/src/main/java/com/tigrisdata/tigris_core/models/shared/Message.java
  - lib/src/main/java/com/tigrisdata/tigris_core/models/shared/GetRTChannelsResponse.java
  - lib/src/main/java/com/tigrisdata/tigris_core/models/shared/ChannelMetadata.java
  - lib/src/main/java/com/tigrisdata/tigris_core/models/shared/ListSubscriptionResponse.java
  - lib/src/main/java/com/tigrisdata/tigris_core/models/shared/MessagesResponse.java
  - lib/src/main/java/com/tigrisdata/tigris_core/models/shared/MessagesRequest.java
  - lib/src/main/java/com/tigrisdata/tigris_core/models/shared/PresenceResponse.java
  - lib/src/main/java/com/tigrisdata/tigris_core/models/shared/CreateByIdResponse.java
  - lib/src/main/java/com/tigrisdata/tigris_core/models/shared/CreateByIdRequest.java
  - lib/src/main/java/com/tigrisdata/tigris_core/models/shared/CreateDocumentResponse.java
  - lib/src/main/java/com/tigrisdata/tigris_core/models/shared/DocStatus.java
  - lib/src/main/java/com/tigrisdata/tigris_core/models/shared/CreateDocumentRequest.java
  - lib/src/main/java/com/tigrisdata/tigris_core/models/shared/DeleteDocumentResponse.java
  - lib/src/main/java/com/tigrisdata/tigris_core/models/shared/DeleteDocumentRequest.java
  - lib/src/main/java/com/tigrisdata/tigris_core/models/shared/DeleteIndexResponse.java
  - lib/src/main/java/com/tigrisdata/tigris_core/models/shared/DeleteIndexRequest.java
  - lib/src/main/java/com/tigrisdata/tigris_core/models/shared/SearchIndexResponse.java
  - lib/src/main/java/com/tigrisdata/tigris_core/models/shared/IndexDoc.java
  - lib/src/main/java/com/tigrisdata/tigris_core/models/shared/DocMeta.java
  - lib/src/main/java/com/tigrisdata/tigris_core/models/shared/SearchIndexRequest.java
  - lib/src/main/java/com/tigrisdata/tigris_core/models/shared/GetDocumentResponse.java
  - lib/src/main/java/com/tigrisdata/tigris_core/models/shared/GetIndexResponse.java
  - lib/src/main/java/com/tigrisdata/tigris_core/models/shared/IndexInfo.java
  - lib/src/main/java/com/tigrisdata/tigris_core/models/shared/ListIndexesResponse.java
  - lib/src/main/java/com/tigrisdata/tigris_core/models/shared/DeleteByQueryResponse.java
  - lib/src/main/java/com/tigrisdata/tigris_core/models/shared/DeleteByQueryRequest.java
  - lib/src/main/java/com/tigrisdata/tigris_core/models/shared/CreateOrReplaceDocumentResponse.java
  - lib/src/main/java/com/tigrisdata/tigris_core/models/shared/CreateOrReplaceDocumentRequest.java
  - lib/src/main/java/com/tigrisdata/tigris_core/models/shared/UpdateDocumentResponse.java
  - lib/src/main/java/com/tigrisdata/tigris_core/models/shared/UpdateDocumentRequest.java
  - lib/src/main/java/com/tigrisdata/tigris_core/models/shared/CreateOrUpdateIndexResponse.java
  - lib/src/main/java/com/tigrisdata/tigris_core/models/shared/CreateOrUpdateIndexRequest.java
  - lib/src/main/java/com/tigrisdata/tigris_core/models/shared/Security.java
  - docs/models/operations/AuthGetAccessTokenResponse.md
  - docs/models/operations/HealthAPIHealthResponse.md
  - docs/models/operations/ObservabilityGetInfoResponse.md
  - docs/models/operations/ObservabilityQuotaUsageResponse.md
  - docs/models/operations/ObservabilityQuotaLimitsResponse.md
  - docs/models/operations/ObservabilityQueryTimeSeriesMetricsResponse.md
  - docs/models/operations/CreateNamespaceResponse.md
  - docs/models/operations/ManagementDescribeNamespacesResponse.md
  - docs/models/operations/ManagementGetNamespaceMetadataRequest.md
  - docs/models/operations/ManagementGetNamespaceMetadataResponse.md
  - docs/models/operations/ManagementInsertNamespaceMetadataRequest.md
  - docs/models/operations/ManagementInsertNamespaceMetadataResponse.md
  - docs/models/operations/ManagementListNamespacesResponse.md
  - docs/models/operations/ManagementUpdateNamespaceMetadataRequest.md
  - docs/models/operations/ManagementUpdateNamespaceMetadataResponse.md
  - docs/models/operations/ManagementGetUserMetadataRequest.md
  - docs/models/operations/ManagementGetUserMetadataResponse.md
  - docs/models/operations/ManagementInsertUserMetadataRequest.md
  - docs/models/operations/ManagementInsertUserMetadataResponse.md
  - docs/models/operations/ManagementUpdateUserMetadataRequest.md
  - docs/models/operations/ManagementUpdateUserMetadataResponse.md
  - docs/models/operations/TigrisCreateProjectRequest.md
  - docs/models/operations/TigrisCreateProjectResponse.md
  - docs/models/operations/TigrisDeleteProjectRequest.md
  - docs/models/operations/TigrisDeleteProjectResponse.md
  - docs/models/operations/TigrisListProjectsResponse.md
  - docs/models/operations/TigrisDeleteAppKeyRequest.md
  - docs/models/operations/TigrisDeleteAppKeyResponse.md
  - docs/models/operations/TigrisListAppKeysRequest.md
  - docs/models/operations/TigrisListAppKeysResponse.md
  - docs/models/operations/TigrisRotateAppKeySecretRequest.md
  - docs/models/operations/TigrisRotateAppKeySecretResponse.md
  - docs/models/operations/TigrisCreateAppKeyRequest.md
  - docs/models/operations/TigrisCreateAppKeyResponse.md
  - docs/models/operations/TigrisUpdateAppKeyRequest.md
  - docs/models/operations/TigrisUpdateAppKeyResponse.md
  - docs/models/operations/CacheCreateCacheRequest.md
  - docs/models/operations/CacheCreateCacheResponse.md
  - docs/models/operations/CacheDeleteCacheRequest.md
  - docs/models/operations/CacheDeleteCacheResponse.md
  - docs/models/operations/CacheDelRequest.md
  - docs/models/operations/CacheDelResponse.md
  - docs/models/operations/CacheGetRequest.md
  - docs/models/operations/CacheGetResponse.md
  - docs/models/operations/CacheGetSetRequest.md
  - docs/models/operations/CacheGetSetResponse.md
  - docs/models/operations/CacheListCachesRequest.md
  - docs/models/operations/CacheListCachesResponse.md
  - docs/models/operations/CacheKeysRequest.md
  - docs/models/operations/CacheKeysResponse.md
  - docs/models/operations/CacheSetRequest.md
  - docs/models/operations/CacheSetResponse.md
  - docs/models/operations/TigrisBeginTransactionRequest.md
  - docs/models/operations/TigrisBeginTransactionResponse.md
  - docs/models/operations/TigrisCommitTransactionRequest.md
  - docs/models/operations/TigrisCommitTransactionResponse.md
  - docs/models/operations/TigrisCreateBranchRequest.md
  - docs/models/operations/TigrisCreateBranchResponse.md
  - docs/models/operations/TigrisDeleteBranchRequest.md
  - docs/models/operations/TigrisDeleteBranchResponse.md
  - docs/models/operations/TigrisDescribeDatabaseRequest.md
  - docs/models/operations/TigrisDescribeDatabaseResponse.md
  - docs/models/operations/TigrisListCollectionsRequest.md
  - docs/models/operations/TigrisListCollectionsResponse.md
  - docs/models/operations/TigrisRollbackTransactionRequest.md
  - docs/models/operations/TigrisRollbackTransactionResponse.md
  - docs/models/operations/TigrisListBranchesRequest.md
  - docs/models/operations/TigrisListBranchesResponse.md
  - docs/models/operations/TigrisCreateOrUpdateCollectionRequest.md
  - docs/models/operations/TigrisCreateOrUpdateCollectionResponse.md
  - docs/models/operations/TigrisDeleteRequest.md
  - docs/models/operations/TigrisDeleteResponse.md
  - docs/models/operations/TigrisDescribeCollectionRequest.md
  - docs/models/operations/TigrisDescribeCollectionResponse.md
  - docs/models/operations/TigrisDropCollectionRequest.md
  - docs/models/operations/TigrisDropCollectionResponse.md
  - docs/models/operations/TigrisImportRequest.md
  - docs/models/operations/TigrisImportResponse.md
  - docs/models/operations/TigrisInsertRequest.md
  - docs/models/operations/TigrisInsertResponse.md
  - docs/models/operations/TigrisReadRequest.md
  - docs/models/operations/TigrisReadResponse.md
  - docs/models/operations/TigrisReplaceRequest.md
  - docs/models/operations/TigrisReplaceResponse.md
  - docs/models/operations/TigrisSearchRequest.md
  - docs/models/operations/TigrisSearchResponse.md
  - docs/models/operations/TigrisUpdateRequest.md
  - docs/models/operations/TigrisUpdateResponse.md
  - docs/models/operations/RealtimeGetRTChannelRequest.md
  - docs/models/operations/RealtimeGetRTChannelResponse.md
  - docs/models/operations/RealtimeReadMessagesRequest.md
  - docs/models/operations/RealtimeReadMessagesResponse.md
  - docs/models/operations/RealtimeGetRTChannelsRequest.md
  - docs/models/operations/RealtimeGetRTChannelsResponse.md
  - docs/models/operations/RealtimeListSubscriptionsRequest.md
  - docs/models/operations/RealtimeListSubscriptionsResponse.md
  - docs/models/operations/RealtimeMessagesRequest.md
  - docs/models/operations/RealtimeMessagesResponse.md
  - docs/models/operations/RealtimePresenceRequest.md
  - docs/models/operations/RealtimePresenceResponse.md
  - docs/models/operations/SearchCreateByIdRequest.md
  - docs/models/operations/SearchCreateByIdResponse.md
  - docs/models/operations/SearchCreateRequest.md
  - docs/models/operations/SearchCreateResponse.md
  - docs/models/operations/SearchDeleteRequest.md
  - docs/models/operations/SearchDeleteResponse.md
  - docs/models/operations/SearchDeleteIndexRequest.md
  - docs/models/operations/SearchDeleteIndexResponse.md
  - docs/models/operations/SearchSearchRequest.md
  - docs/models/operations/SearchSearchResponse.md
  - docs/models/operations/SearchGetRequest.md
  - docs/models/operations/SearchGetResponse.md
  - docs/models/operations/SearchGetIndexRequest.md
  - docs/models/operations/SearchGetIndexResponse.md
  - docs/models/operations/SearchListIndexesRequest.md
  - docs/models/operations/SearchListIndexesResponse.md
  - docs/models/operations/SearchDeleteByQueryRequest.md
  - docs/models/operations/SearchDeleteByQueryResponse.md
  - docs/models/operations/SearchCreateOrReplaceRequest.md
  - docs/models/operations/SearchCreateOrReplaceResponse.md
  - docs/models/operations/SearchUpdateRequest.md
  - docs/models/operations/SearchUpdateResponse.md
  - docs/models/operations/SearchCreateOrUpdateIndexRequest.md
  - docs/models/operations/SearchCreateOrUpdateIndexResponse.md
  - docs/models/shared/Status.md
  - docs/models/shared/Code.md
  - docs/models/shared/Error.md
  - docs/models/shared/GetAccessTokenResponse.md
  - docs/models/shared/HealthCheckResponse.md
  - docs/models/shared/GetInfoResponse.md
  - docs/models/shared/QuotaUsageResponse.md
  - docs/models/shared/QuotaUsageRequest.md
  - docs/models/shared/QuotaLimitsResponse.md
  - docs/models/shared/QuotaLimitsRequest.md
  - docs/models/shared/QueryTimeSeriesMetricsResponse.md
  - docs/models/shared/MetricSeries.md
  - docs/models/shared/DataPoint.md
  - docs/models/shared/Function.md
  - docs/models/shared/SpaceAggregation.md
  - docs/models/shared/TigrisOperation.md
  - docs/models/shared/QueryTimeSeriesMetricsRequest.md
  - docs/models/shared/AdditionalFunction.md
  - docs/models/shared/Aggregator.md
  - docs/models/shared/RollupFunction.md
  - docs/models/shared/CreateNamespaceResponse.md
  - docs/models/shared/NamespaceInfo.md
  - docs/models/shared/CreateNamespaceRequest.md
  - docs/models/shared/DescribeNamespacesResponse.md
  - docs/models/shared/DescribeNamespacesData.md
  - docs/models/shared/GetNamespaceMetadataResponseValue.md
  - docs/models/shared/GetNamespaceMetadataResponse.md
  - docs/models/shared/Value.md
  - docs/models/shared/GetNamespaceMetadataRequest.md
  - docs/models/shared/InsertNamespaceMetadataResponseValue.md
  - docs/models/shared/InsertNamespaceMetadataResponse.md
  - docs/models/shared/InsertNamespaceMetadataRequestValue.md
  - docs/models/shared/InsertNamespaceMetadataRequest.md
  - docs/models/shared/ListNamespacesResponse.md
  - docs/models/shared/UpdateNamespaceMetadataResponseValue.md
  - docs/models/shared/UpdateNamespaceMetadataResponse.md
  - docs/models/shared/UpdateNamespaceMetadataRequestValue.md
  - docs/models/shared/UpdateNamespaceMetadataRequest.md
  - docs/models/shared/GetUserMetadataResponse.md
  - docs/models/shared/GetUserMetadataRequestValue.md
  - docs/models/shared/GetUserMetadataRequest.md
  - docs/models/shared/InsertUserMetadataResponseValue.md
  - docs/models/shared/InsertUserMetadataResponse.md
  - docs/models/shared/InsertUserMetadataRequestValue.md
  - docs/models/shared/InsertUserMetadataRequest.md
  - docs/models/shared/UpdateUserMetadataResponseValue.md
  - docs/models/shared/UpdateUserMetadataResponse.md
  - docs/models/shared/UpdateUserMetadataRequestValue.md
  - docs/models/shared/UpdateUserMetadataRequest.md
  - docs/models/shared/CreateProjectResponse.md
  - docs/models/shared/CreateProjectRequest.md
  - docs/models/shared/DeleteProjectResponse.md
  - docs/models/shared/DeleteProjectRequest.md
  - docs/models/shared/ListProjectsResponse.md
  - docs/models/shared/ProjectInfo.md
  - docs/models/shared/ProjectMetadata.md
  - docs/models/shared/DeleteAppKeyResponse.md
  - docs/models/shared/DeleteAppKeyRequest.md
  - docs/models/shared/ListAppKeysResponse.md
  - docs/models/shared/AppKey.md
  - docs/models/shared/RotateAppKeyResponse.md
  - docs/models/shared/RotateAppKeyRequest.md
  - docs/models/shared/CreateAppKeyResponse.md
  - docs/models/shared/CreateAppKeyRequest.md
  - docs/models/shared/UpdateAppKeyResponse.md
  - docs/models/shared/UpdateAppKeyRequest.md
  - docs/models/shared/CreateCacheResponse.md
  - docs/models/shared/CreateCacheRequest.md
  - docs/models/shared/CreateCacheOptions.md
  - docs/models/shared/DeleteCacheResponse.md
  - docs/models/shared/DeleteCacheRequest.md
  - docs/models/shared/DelResponse.md
  - docs/models/shared/DelRequest.md
  - docs/models/shared/GetResponse.md
  - docs/models/shared/GetSetResponse.md
  - docs/models/shared/GetSetRequest.md
  - docs/models/shared/ListCachesResponse.md
  - docs/models/shared/CacheMetadata.md
  - docs/models/shared/KeysResponse.md
  - docs/models/shared/SetResponse.md
  - docs/models/shared/SetRequest.md
  - docs/models/shared/BeginTransactionResponse.md
  - docs/models/shared/TransactionCtx.md
  - docs/models/shared/BeginTransactionRequest.md
  - docs/models/shared/TransactionOptions.md
  - docs/models/shared/CommitTransactionResponse.md
  - docs/models/shared/CommitTransactionRequest.md
  - docs/models/shared/CreateBranchResponse.md
  - docs/models/shared/CreateBranchRequest.md
  - docs/models/shared/DeleteBranchResponse.md
  - docs/models/shared/DeleteBranchRequest.md
  - docs/models/shared/DescribeDatabaseResponse.md
  - docs/models/shared/DatabaseMetadata.md
  - docs/models/shared/Schema.md
  - docs/models/shared/CollectionDescription.md
  - docs/models/shared/CollectionMetadata.md
  - docs/models/shared/DescribeDatabaseRequest.md
  - docs/models/shared/ListCollectionsResponse.md
  - docs/models/shared/CollectionInfo.md
  - docs/models/shared/RollbackTransactionResponse.md
  - docs/models/shared/RollbackTransactionRequest.md
  - docs/models/shared/ListBranchesResponse.md
  - docs/models/shared/BranchInfo.md
  - docs/models/shared/BranchMetadata.md
  - docs/models/shared/CreateOrUpdateCollectionResponse.md
  - docs/models/shared/CreateOrUpdateCollectionRequestSchema.md
  - docs/models/shared/CreateOrUpdateCollectionRequest.md
  - docs/models/shared/CollectionOptions.md
  - docs/models/shared/DeleteResponse.md
  - docs/models/shared/ResponseMetadata.md
  - docs/models/shared/Filter.md
  - docs/models/shared/DeleteRequest.md
  - docs/models/shared/DeleteRequestOptions.md
  - docs/models/shared/WriteOptions.md
  - docs/models/shared/Collation.md
  - docs/models/shared/DescribeCollectionResponseSchema.md
  - docs/models/shared/DescribeCollectionResponse.md
  - docs/models/shared/DescribeCollectionRequest.md
  - docs/models/shared/DropCollectionResponse.md
  - docs/models/shared/DropCollectionRequest.md
  - docs/models/shared/ImportResponse.md
  - docs/models/shared/Documents.md
  - docs/models/shared/ImportRequest.md
  - docs/models/shared/ImportRequestOptions.md
  - docs/models/shared/InsertResponse.md
  - docs/models/shared/InsertRequestDocuments.md
  - docs/models/shared/InsertRequest.md
  - docs/models/shared/InsertRequestOptions.md
  - docs/models/shared/StreamingReadResponse.md
  - docs/models/shared/Data.md
  - docs/models/shared/ReadResponse.md
  - docs/models/shared/Fields.md
  - docs/models/shared/ReadRequestFilter.md
  - docs/models/shared/ReadRequest.md
  - docs/models/shared/ReadRequestOptions.md
  - docs/models/shared/ReplaceResponse.md
  - docs/models/shared/ReplaceRequestDocuments.md
  - docs/models/shared/ReplaceRequest.md
  - docs/models/shared/ReplaceRequestOptions.md
  - docs/models/shared/StreamingSearchResponse.md
  - docs/models/shared/SearchResponse.md
  - docs/models/shared/SearchMetadata.md
  - docs/models/shared/Page.md
  - docs/models/shared/SearchHitData.md
  - docs/models/shared/SearchHit.md
  - docs/models/shared/SearchHitMeta.md
  - docs/models/shared/SearchFacet.md
  - docs/models/shared/FacetStats.md
  - docs/models/shared/FacetCount.md
  - docs/models/shared/Facet.md
  - docs/models/shared/SearchRequestFields.md
  - docs/models/shared/SearchRequestFilter.md
  - docs/models/shared/Sort.md
  - docs/models/shared/SearchRequest.md
  - docs/models/shared/UpdateResponse.md
  - docs/models/shared/UpdateRequestFields.md
  - docs/models/shared/UpdateRequestFilter.md
  - docs/models/shared/UpdateRequest.md
  - docs/models/shared/UpdateRequestOptions.md
  - docs/models/shared/GetRTChannelResponse.md
  - docs/models/shared/ReadMessagesResponse.md
  - docs/models/shared/Message.md
  - docs/models/shared/GetRTChannelsResponse.md
  - docs/models/shared/ChannelMetadata.md
  - docs/models/shared/ListSubscriptionResponse.md
  - docs/models/shared/MessagesResponse.md
  - docs/models/shared/MessagesRequest.md
  - docs/models/shared/PresenceResponse.md
  - docs/models/shared/CreateByIdResponse.md
  - docs/models/shared/CreateByIdRequest.md
  - docs/models/shared/CreateDocumentResponse.md
  - docs/models/shared/DocStatus.md
  - docs/models/shared/CreateDocumentRequest.md
  - docs/models/shared/DeleteDocumentResponse.md
  - docs/models/shared/DeleteDocumentRequest.md
  - docs/models/shared/DeleteIndexResponse.md
  - docs/models/shared/DeleteIndexRequest.md
  - docs/models/shared/SearchIndexResponse.md
  - docs/models/shared/IndexDoc.md
  - docs/models/shared/DocMeta.md
  - docs/models/shared/SearchIndexRequest.md
  - docs/models/shared/GetDocumentResponse.md
  - docs/models/shared/GetIndexResponse.md
  - docs/models/shared/IndexInfo.md
  - docs/models/shared/ListIndexesResponse.md
  - docs/models/shared/DeleteByQueryResponse.md
  - docs/models/shared/DeleteByQueryRequest.md
  - docs/models/shared/CreateOrReplaceDocumentResponse.md
  - docs/models/shared/CreateOrReplaceDocumentRequest.md
  - docs/models/shared/UpdateDocumentResponse.md
  - docs/models/shared/UpdateDocumentRequest.md
  - docs/models/shared/CreateOrUpdateIndexResponse.md
  - docs/models/shared/CreateOrUpdateIndexRequest.md
  - docs/models/shared/Security.md
  - docs/sdks/sdk/README.md
  - docs/sdks/auth/README.md
  - docs/sdks/system/README.md
  - docs/sdks/namespace/README.md
  - docs/sdks/user/README.md
  - docs/sdks/project/README.md
  - docs/sdks/appkey/README.md
  - docs/sdks/cache/README.md
  - docs/sdks/database/README.md
  - docs/sdks/collection/README.md
  - docs/sdks/channel/README.md
  - docs/sdks/search/README.md
  - USAGE.md
